
Microsoft Visual Studio Solution File, Format Version 12.00
# Visual Studio Version 16
VisualStudioVersion = 16.0.29806.167
MinimumVisualStudioVersion = 10.0.40219.1
Project("{FAE04EC0-301F-11D3-BF4B-00C04F79EFBC}") = "Broker", "Broker\Broker.csproj", "{33316820-15C7-4174-86B3-F3F702269871}"
EndProject
Global
	GlobalSection(SolutionConfigurationPlatforms) = preSolution
		Debug|Any CPU = Debug|Any CPU
		Release|Any CPU = Release|Any CPU
	EndGlobalSection
	GlobalSection(ProjectConfigurationPlatforms) = postSolution
		{33316820-15C7-4174-86B3-F3F702269871}.Debug|Any CPU.ActiveCfg = Debug|Any CPU
		{33316820-15C7-4174-86B3-F3F702269871}.Debug|Any CPU.Build.0 = Debug|Any CPU
		{33316820-15C7-4174-86B3-F3F702269871}.Release|Any CPU.ActiveCfg = Release|Any CPU
		{33316820-15C7-4174-86B3-F3F702269871}.Release|Any CPU.Build.0 = Release|Any CPU
	EndGlobalSection
	GlobalSection(SolutionProperties) = preSolution
		HideSolutionNode = FALSE
	EndGlobalSection
	GlobalSection(ExtensibilityGlobals) = postSolution
		SolutionGuid = {E4599285-E921-4363-B121-1E7D5FDC5582}
	EndGlobalSection
EndGlobal
